
Microsoft Visual Studio Solution File, Format Version 12.00
# Visual Studio Version 16
VisualStudioVersion = 16.0.30413.136
MinimumVisualStudioVersion = 10.0.40219.1
Project("{FAE04EC0-301F-11D3-BF4B-00C04F79EFBC}") = "Brasileirao-API", "Brasileirao-API\Brasileirao-API.csproj", "{73ABDFEF-D998-4D69-A751-912B70E4ACA4}"
EndProject
Global
	GlobalSection(SolutionConfigurationPlatforms) = preSolution
		Debug|Any CPU = Debug|Any CPU
		Release|Any CPU = Release|Any CPU
	EndGlobalSection
	GlobalSection(ProjectConfigurationPlatforms) = postSolution
		{73ABDFEF-D998-4D69-A751-912B70E4ACA4}.Debug|Any CPU.ActiveCfg = Debug|Any CPU
		{73ABDFEF-D998-4D69-A751-912B70E4ACA4}.Debug|Any CPU.Build.0 = Debug|Any CPU
		{73ABDFEF-D998-4D69-A751-912B70E4ACA4}.Release|Any CPU.ActiveCfg = Release|Any CPU
		{73ABDFEF-D998-4D69-A751-912B70E4ACA4}.Release|Any CPU.Build.0 = Release|Any CPU
	EndGlobalSection
	GlobalSection(SolutionProperties) = preSolution
		HideSolutionNode = FALSE
	EndGlobalSection
	GlobalSection(ExtensibilityGlobals) = postSolution
		SolutionGuid = {8C353594-7AB8-495D-85B4-C77D9D922325}
	EndGlobalSection
EndGlobal
